
Microsoft Visual Studio Solution File, Format Version 12.00
Project("{FAE04EC0-301F-11D3-BF4B-00C04F79EFBC}") = "SmarthutPOC", "SmarthutPOC\SmarthutPOC.csproj", "{66759677-D06F-4E77-9409-6561B2EEF64E}"
EndProject
Global
	GlobalSection(SolutionConfigurationPlatforms) = preSolution
		Debug|Any CPU = Debug|Any CPU
		Release|Any CPU = Release|Any CPU
	EndGlobalSection
	GlobalSection(ProjectConfigurationPlatforms) = postSolution
		{66759677-D06F-4E77-9409-6561B2EEF64E}.Debug|Any CPU.ActiveCfg = Debug|Any CPU
		{66759677-D06F-4E77-9409-6561B2EEF64E}.Debug|Any CPU.Build.0 = Debug|Any CPU
		{66759677-D06F-4E77-9409-6561B2EEF64E}.Release|Any CPU.ActiveCfg = Release|Any CPU
		{66759677-D06F-4E77-9409-6561B2EEF64E}.Release|Any CPU.Build.0 = Release|Any CPU
	EndGlobalSection
EndGlobal
